<?xml version="1.0" encoding="utf-8"?>
<Project ToolsVersion="4.0" xmlns="http://schemas.microsoft.com/developer/msbuild/2003">
  <ItemGroup>
    <Filter Include="Source Files">
      <UniqueIdentifier>{4FC737F1-C7A5-4376-A066-2A32D752A2FF}</UniqueIdentifier>
      <Extensions>cpp;c;cc;cxx;def;odl;idl;hpj;bat;asm;asmx</Extensions>
    </Filter>
    <Filter Include="Header Files">
      <UniqueIdentifier>{93995380-89BD-4b04-88EB-625FBE52EBFB}</UniqueIdentifier>
      <Extensions>h;hh;hpp;hxx;hm;inl;inc;ipp;xsd</Extensions>
    </Filter>
    <Filter Include="Resource Files">
      <UniqueIdentifier>{67DA6AB6-F800-4c08-8B7A-83BB121AAD01}</UniqueIdentifier>
      <Extensions>rc;ico;cur;bmp;dlg;rc2;rct;bin;rgs;gif;jpg;jpeg;jpe;resx;tiff;tif;png;wav;mfcribbon-ms</Extensions>
    </Filter>
  </ItemGroup>
  <ItemGroup>
    <ClCompile Include="EVA\Components\BoxCollider.cpp">
      <Filter>Source Files</Filter>
    </ClCompile>
    <ClCompile Include="EVA\Components\Camera.cpp">
      <Filter>Source Files</Filter>
    </ClCompile>
    <ClCompile Include="EVA\Components\Collider.cpp">
      <Filter>Source Files</Filter>
    </ClCompile>
    <ClCompile Include="EVA\Components\FollowTarget.cpp">
      <Filter>Source Files</Filter>
    </ClCompile>
    <ClCompile Include="EVA\Components\FreeLook.cpp">
      <Filter>Source Files</Filter>
    </ClCompile>
    <ClCompile Include="EVA\Components\HideOnStart.cpp">
      <Filter>Source Files</Filter>
    </ClCompile>
    <ClCompile Include="EVA\Components\Light.cpp">
      <Filter>Source Files</Filter>
    </ClCompile>
    <ClCompile Include="EVA\Components\MeshRenderer.cpp">
      <Filter>Source Files</Filter>
    </ClCompile>
    <ClCompile Include="EVA\Components\Transform.cpp">
      <Filter>Source Files</Filter>
    </ClCompile>
    <ClCompile Include="EVA\Components\Transformer.cpp">
      <Filter>Source Files</Filter>
    </ClCompile>
    <ClCompile Include="EVA\Editor\EditorWindows.cpp">
      <Filter>Source Files</Filter>
    </ClCompile>
    <ClCompile Include="EVA\Materials\ShadowMaterial.cpp">
      <Filter>Source Files</Filter>
    </ClCompile>
    <ClCompile Include="EVA\Materials\SkyBoxMaterial.cpp">
      <Filter>Source Files</Filter>
    </ClCompile>
    <ClCompile Include="EVA\Materials\StandardMaterial.cpp">
      <Filter>Source Files</Filter>
    </ClCompile>
    <ClCompile Include="EVA\OpenGL\GLCaller.cpp">
      <Filter>Source Files</Filter>
    </ClCompile>
    <ClCompile Include="EVA\OpenGL\IndexBuffer.cpp">
      <Filter>Source Files</Filter>
    </ClCompile>
    <ClCompile Include="EVA\OpenGL\VertexArray.cpp">
      <Filter>Source Files</Filter>
    </ClCompile>
    <ClCompile Include="EVA\OpenGL\VertexBuffer.cpp">
      <Filter>Source Files</Filter>
    </ClCompile>
    <ClCompile Include="EVA\OpenGL\VertexBufferLayout.cpp">
      <Filter>Source Files</Filter>
    </ClCompile>
    <ClCompile Include="EVA\Terrain\Terrain.cpp">
      <Filter>Source Files</Filter>
    </ClCompile>
    <ClCompile Include="EVA\Terrain\TerrainMaterial.cpp">
      <Filter>Source Files</Filter>
    </ClCompile>
    <ClCompile Include="EVA\UI\Button.cpp">
      <Filter>Source Files</Filter>
    </ClCompile>
    <ClCompile Include="EVA\UI\Label.cpp">
      <Filter>Source Files</Filter>
    </ClCompile>
    <ClCompile Include="EVA\UI\Layout.cpp">
      <Filter>Source Files</Filter>
    </ClCompile>
    <ClCompile Include="EVA\UI\SpriteRenderer.cpp">
      <Filter>Source Files</Filter>
    </ClCompile>
    <ClCompile Include="EVA\UI\Text.cpp">
      <Filter>Source Files</Filter>
    </ClCompile>
    <ClCompile Include="EVA\UI\UiElement.cpp">
      <Filter>Source Files</Filter>
    </ClCompile>
    <ClCompile Include="EVA\Application.cpp">
      <Filter>Source Files</Filter>
    </ClCompile>
    <ClCompile Include="EVA\Asset.cpp">
      <Filter>Source Files</Filter>
    </ClCompile>
    <ClCompile Include="EVA\ClassMap.cpp">
      <Filter>Source Files</Filter>
    </ClCompile>
    <ClCompile Include="EVA\Component.cpp">
      <Filter>Source Files</Filter>
    </ClCompile>
    <ClCompile Include="EVA\ComponentMap.cpp">
      <Filter>Source Files</Filter>
    </ClCompile>
    <ClCompile Include="EVA\GameObject.cpp">
      <Filter>Source Files</Filter>
    </ClCompile>
    <ClCompile Include="EVA\Input.cpp">
      <Filter>Source Files</Filter>
    </ClCompile>
    <ClCompile Include="EVA\Material.cpp">
      <Filter>Source Files</Filter>
    </ClCompile>
    <ClCompile Include="EVA\MaterialManager.cpp">
      <Filter>Source Files</Filter>
    </ClCompile>
    <ClCompile Include="EVA\MaterialMap.cpp">
      <Filter>Source Files</Filter>
    </ClCompile>
    <ClCompile Include="EVA\Mesh.cpp">
      <Filter>Source Files</Filter>
    </ClCompile>
    <ClCompile Include="EVA\Model.cpp">
      <Filter>Source Files</Filter>
    </ClCompile>
    <ClCompile Include="EVA\ModelManager.cpp">
      <Filter>Source Files</Filter>
    </ClCompile>
    <ClCompile Include="EVA\Physics.cpp">
      <Filter>Source Files</Filter>
    </ClCompile>
    <ClCompile Include="EVA\Scene.cpp">
      <Filter>Source Files</Filter>
    </ClCompile>
    <ClCompile Include="EVA\SceneManager.cpp">
      <Filter>Source Files</Filter>
    </ClCompile>
    <ClCompile Include="EVA\Shader.cpp">
      <Filter>Source Files</Filter>
    </ClCompile>
    <ClCompile Include="EVA\ShaderManager.cpp">
      <Filter>Source Files</Filter>
    </ClCompile>
    <ClCompile Include="EVA\Skybox.cpp">
      <Filter>Source Files</Filter>
    </ClCompile>
    <ClCompile Include="EVA\TextureManager.cpp">
      <Filter>Source Files</Filter>
    </ClCompile>
    <ClCompile Include="vendor\imgui\imgui.cpp">
      <Filter>Source Files</Filter>
    </ClCompile>
    <ClCompile Include="vendor\imgui\imgui_demo.cpp">
      <Filter>Source Files</Filter>
    </ClCompile>
    <ClCompile Include="vendor\imgui\imgui_draw.cpp">
      <Filter>Source Files</Filter>
    </ClCompile>
    <ClCompile Include="vendor\imgui\imgui_impl_glfw_gl3.cpp">
      <Filter>Source Files</Filter>
    </ClCompile>
    <ClCompile Include="vendor\stb-image\stb-image.cpp">
      <Filter>Source Files</Filter>
    </ClCompile>
    <ClCompile Include="vendor\tfd\tinyfiledialogs.c">
      <Filter>Source Files</Filter>
    </ClCompile>
  </ItemGroup>
  <ItemGroup>
    <ClInclude Include="EVA\Components\BoxCollider.hpp">
      <Filter>Header Files</Filter>
    </ClInclude>
    <ClInclude Include="EVA\Components\Camera.hpp">
      <Filter>Header Files</Filter>
    </ClInclude>
    <ClInclude Include="EVA\Components\Collider.hpp">
      <Filter>Header Files</Filter>
    </ClInclude>
    <ClInclude Include="EVA\Components\FollowTarget.hpp">
      <Filter>Header Files</Filter>
    </ClInclude>
    <ClInclude Include="EVA\Components\FreeLook.hpp">
      <Filter>Header Files</Filter>
    </ClInclude>
    <ClInclude Include="EVA\Components\HideOnStart.hpp">
      <Filter>Header Files</Filter>
    </ClInclude>
    <ClInclude Include="EVA\Components\Light.hpp">
      <Filter>Header Files</Filter>
    </ClInclude>
    <ClInclude Include="EVA\Components\MeshRenderer.hpp">
      <Filter>Header Files</Filter>
    </ClInclude>
    <ClInclude Include="EVA\Components\SceneCamera.hpp">
      <Filter>Header Files</Filter>
    </ClInclude>
    <ClInclude Include="EVA\Components\Transform.hpp">
      <Filter>Header Files</Filter>
    </ClInclude>
    <ClInclude Include="EVA\Components\Transformer.hpp">
      <Filter>Header Files</Filter>
    </ClInclude>
    <ClInclude Include="EVA\Editor\EditorWindows.hpp">
      <Filter>Header Files</Filter>
    </ClInclude>
    <ClInclude Include="EVA\Editor\InspectorFields.hpp">
      <Filter>Header Files</Filter>
    </ClInclude>
    <ClInclude Include="EVA\Editor\SceneEditor.hpp">
      <Filter>Header Files</Filter>
    </ClInclude>
    <ClInclude Include="EVA\include\EVA\Components.hpp">
      <Filter>Header Files</Filter>
    </ClInclude>
    <ClInclude Include="EVA\include\EVA\Graphics.hpp">
      <Filter>Header Files</Filter>
    </ClInclude>
    <ClInclude Include="EVA\include\EVA\Input.hpp">
      <Filter>Header Files</Filter>
    </ClInclude>
    <ClInclude Include="EVA\include\EVA\OpenGL.hpp">
      <Filter>Header Files</Filter>
    </ClInclude>
    <ClInclude Include="EVA\include\EVA\Parsers.hpp">
      <Filter>Header Files</Filter>
    </ClInclude>
    <ClInclude Include="EVA\include\EVA\Physics.hpp">
      <Filter>Header Files</Filter>
    </ClInclude>
    <ClInclude Include="EVA\include\EVA\ResourceManagers.hpp">
      <Filter>Header Files</Filter>
    </ClInclude>
    <ClInclude Include="EVA\include\EVA\SceneManager.hpp">
      <Filter>Header Files</Filter>
    </ClInclude>
    <ClInclude Include="EVA\include\EVA\UI.hpp">
      <Filter>Header Files</Filter>
    </ClInclude>
    <ClInclude Include="EVA\include\EVA.hpp">
      <Filter>Header Files</Filter>
    </ClInclude>
    <ClInclude Include="EVA\Materials\ShadowMaterial.hpp">
      <Filter>Header Files</Filter>
    </ClInclude>
    <ClInclude Include="EVA\Materials\SkyBoxMaterial.hpp">
      <Filter>Header Files</Filter>
    </ClInclude>
    <ClInclude Include="EVA\Materials\StandardMaterial.hpp">
      <Filter>Header Files</Filter>
    </ClInclude>
    <ClInclude Include="EVA\OpenGL\GLCaller.hpp">
      <Filter>Header Files</Filter>
    </ClInclude>
    <ClInclude Include="EVA\OpenGL\IndexBuffer.hpp">
      <Filter>Header Files</Filter>
    </ClInclude>
    <ClInclude Include="EVA\OpenGL\VertexArray.hpp">
      <Filter>Header Files</Filter>
    </ClInclude>
    <ClInclude Include="EVA\OpenGL\VertexBuffer.hpp">
      <Filter>Header Files</Filter>
    </ClInclude>
    <ClInclude Include="EVA\OpenGL\VertexBufferLayout.hpp">
      <Filter>Header Files</Filter>
    </ClInclude>
    <ClInclude Include="EVA\Parsers\GameObjectParser.hpp">
      <Filter>Header Files</Filter>
    </ClInclude>
    <ClInclude Include="EVA\Parsers\Json.hpp">
      <Filter>Header Files</Filter>
    </ClInclude>
    <ClInclude Include="EVA\Parsers\MaterialParser.hpp">
      <Filter>Header Files</Filter>
    </ClInclude>
    <ClInclude Include="EVA\Parsers\SceneParser.hpp">
      <Filter>Header Files</Filter>
    </ClInclude>
    <ClInclude Include="EVA\Parsers\ShaderParser.hpp">
      <Filter>Header Files</Filter>
    </ClInclude>
    <ClInclude Include="EVA\Terrain\Quadtree.hpp">
      <Filter>Header Files</Filter>
    </ClInclude>
    <ClInclude Include="EVA\Terrain\Terrain.hpp">
      <Filter>Header Files</Filter>
    </ClInclude>
    <ClInclude Include="EVA\Terrain\TerrainMaterial.hpp">
      <Filter>Header Files</Filter>
    </ClInclude>
    <ClInclude Include="EVA\Terrain\TerrainMesh.hpp">
      <Filter>Header Files</Filter>
    </ClInclude>
    <ClInclude Include="EVA\UI\BoundingBox.hpp">
      <Filter>Header Files</Filter>
    </ClInclude>
    <ClInclude Include="EVA\UI\Button.hpp">
      <Filter>Header Files</Filter>
    </ClInclude>
    <ClInclude Include="EVA\UI\Label.hpp">
      <Filter>Header Files</Filter>
    </ClInclude>
    <ClInclude Include="EVA\UI\Layout.hpp">
      <Filter>Header Files</Filter>
    </ClInclude>
    <ClInclude Include="EVA\UI\Padding.hpp">
      <Filter>Header Files</Filter>
    </ClInclude>
    <ClInclude Include="EVA\UI\SpriteRenderer.hpp">
      <Filter>Header Files</Filter>
    </ClInclude>
    <ClInclude Include="EVA\UI\Text.hpp">
      <Filter>Header Files</Filter>
    </ClInclude>
    <ClInclude Include="EVA\UI\UiElement.hpp">
      <Filter>Header Files</Filter>
    </ClInclude>
    <ClInclude Include="EVA\Application.hpp">
      <Filter>Header Files</Filter>
    </ClInclude>
    <ClInclude Include="EVA\Asset.hpp">
      <Filter>Header Files</Filter>
    </ClInclude>
    <ClInclude Include="EVA\ClassMap.hpp">
      <Filter>Header Files</Filter>
    </ClInclude>
    <ClInclude Include="EVA\Component.hpp">
      <Filter>Header Files</Filter>
    </ClInclude>
    <ClInclude Include="EVA\ComponentMap.hpp">
      <Filter>Header Files</Filter>
    </ClInclude>
    <ClInclude Include="EVA\ConstPointer.hpp">
      <Filter>Header Files</Filter>
    </ClInclude>
    <ClInclude Include="EVA\FileSystem.hpp">
      <Filter>Header Files</Filter>
    </ClInclude>
    <ClInclude Include="EVA\GameObject.hpp">
      <Filter>Header Files</Filter>
    </ClInclude>
    <ClInclude Include="EVA\Input.hpp">
      <Filter>Header Files</Filter>
    </ClInclude>
    <ClInclude Include="EVA\Material.hpp">
      <Filter>Header Files</Filter>
    </ClInclude>
    <ClInclude Include="EVA\MaterialManager.hpp">
      <Filter>Header Files</Filter>
    </ClInclude>
    <ClInclude Include="EVA\MaterialMap.hpp">
      <Filter>Header Files</Filter>
    </ClInclude>
    <ClInclude Include="EVA\Mesh.hpp">
      <Filter>Header Files</Filter>
    </ClInclude>
    <ClInclude Include="EVA\Model.hpp">
      <Filter>Header Files</Filter>
    </ClInclude>
    <ClInclude Include="EVA\ModelManager.hpp">
      <Filter>Header Files</Filter>
    </ClInclude>
    <ClInclude Include="EVA\Physics.hpp">
      <Filter>Header Files</Filter>
    </ClInclude>
    <ClInclude Include="EVA\Scene.hpp">
      <Filter>Header Files</Filter>
    </ClInclude>
    <ClInclude Include="EVA\SceneManager.hpp">
      <Filter>Header Files</Filter>
    </ClInclude>
    <ClInclude Include="EVA\ScriptableObject.hpp">
      <Filter>Header Files</Filter>
    </ClInclude>
    <ClInclude Include="EVA\Shader.hpp">
      <Filter>Header Files</Filter>
    </ClInclude>
    <ClInclude Include="EVA\ShaderManager.hpp">
      <Filter>Header Files</Filter>
    </ClInclude>
    <ClInclude Include="EVA\Skybox.hpp">
      <Filter>Header Files</Filter>
    </ClInclude>
    <ClInclude Include="EVA\TextureManager.hpp">
      <Filter>Header Files</Filter>
    </ClInclude>
    <ClInclude Include="vendor\imgui\imconfig.h">
      <Filter>Header Files</Filter>
    </ClInclude>
    <ClInclude Include="vendor\imgui\imgui.h">
      <Filter>Header Files</Filter>
    </ClInclude>
    <ClInclude Include="vendor\imgui\imgui_impl_glfw_gl3.h">
      <Filter>Header Files</Filter>
    </ClInclude>
    <ClInclude Include="vendor\imgui\imgui_internal.h">
      <Filter>Header Files</Filter>
    </ClInclude>
    <ClInclude Include="vendor\imgui\stb_rect_pack.h">
      <Filter>Header Files</Filter>
    </ClInclude>
    <ClInclude Include="vendor\imgui\stb_textedit.h">
      <Filter>Header Files</Filter>
    </ClInclude>
    <ClInclude Include="vendor\imgui\stb_truetype.h">
      <Filter>Header Files</Filter>
    </ClInclude>
    <ClInclude Include="vendor\stb-image\stb_image.h">
      <Filter>Header Files</Filter>
    </ClInclude>
    <ClInclude Include="vendor\tfd\tinyfiledialogs.h">
      <Filter>Header Files</Filter>
    </ClInclude>
    <ClInclude Include="EVA\Core.hpp">
      <Filter>Header Files</Filter>
    </ClInclude>
    <ClInclude Include="EVA\include\EVA\EntryPoint.hpp">
      <Filter>Header Files</Filter>
    </ClInclude>
  </ItemGroup>
  <ItemGroup>
    <None Include="cpp.hint" />
  </ItemGroup>
</Project>